# THIS IS AN AUTOGENERATED FILE. DO NOT EDIT THIS FILE DIRECTLY.
# yarn lockfile v1


bootstrap@4:
  version "4.0.0"
  resolved "https://registry.yarnpkg.com/bootstrap/-/bootstrap-4.0.0.tgz#ceb03842c145fcc1b9b4e15da2a05656ba68469a"

bower@1.8.2:
  version "1.8.2"
  resolved "https://registry.yarnpkg.com/bower/-/bower-1.8.2.tgz#adf53529c8d4af02ef24fb8d5341c1419d33e2f7"

jquery@3.3.1:
  version "3.3.1"
  resolved "https://registry.yarnpkg.com/jquery/-/jquery-3.3.1.tgz#958ce29e81c9790f31be7792df5d4d95fc57fbca"

popper.js@1.14.1:
  version "1.14.1"
  resolved "https://registry.yarnpkg.com/popper.js/-/popper.js-1.14.1.tgz#b8815e5cda6f62fc2042e47618649f75866e6753"

sweetalert2@7.18.0:
  version "7.18.0"
  resolved "https://registry.yarnpkg.com/sweetalert2/-/sweetalert2-7.18.0.tgz#10f1019aae0a842eebefcf5b06fe42ea1ef53e79"
